
Microsoft Visual Studio Solution File, Format Version 12.00
# Visual Studio 15
VisualStudioVersion = 15.0.28307.489
MinimumVisualStudioVersion = 10.0.40219.1
Project("{2150E333-8FDC-42A3-9474-1A3956D46DE8}") = "01_Entity", "01_Entity", "{4C1F53E8-2BDC-463D-8DF9-5A7DAF7357A5}"
EndProject
Project("{2150E333-8FDC-42A3-9474-1A3956D46DE8}") = "02_DAL", "02_DAL", "{CB2A438E-9F10-4723-8270-1F0682D73C01}"
EndProject
Project("{2150E333-8FDC-42A3-9474-1A3956D46DE8}") = "03_BLL", "03_BLL", "{05B8DF9A-D51A-4F1A-8BCF-054EB689721F}"
EndProject
Project("{2150E333-8FDC-42A3-9474-1A3956D46DE8}") = "04_UI", "04_UI", "{EB00E694-A6B5-4BEB-B1F5-0D86F09FCDAB}"
EndProject
Project("{FAE04EC0-301F-11D3-BF4B-00C04F79EFBC}") = "EntitiesLayer", "EntitiesLayer\EntitiesLayer.csproj", "{57382E03-7C81-45CB-8AC2-93511DFB09D0}"
EndProject
Project("{FAE04EC0-301F-11D3-BF4B-00C04F79EFBC}") = "DataAccessLayer", "DataAccessLayer\DataAccessLayer.csproj", "{53A748A9-C5FE-4335-9B5F-D371BB7E2997}"
EndProject
Project("{FAE04EC0-301F-11D3-BF4B-00C04F79EFBC}") = "BusinessLogicLayer", "BusinessLayer\BusinessLogicLayer.csproj", "{D886C563-A318-4210-BB37-13519F2BF2E1}"
EndProject
Project("{2150E333-8FDC-42A3-9474-1A3956D46DE8}") = "05_Helper", "05_Helper", "{86925259-CC30-4055-B19C-29A9200AF291}"
EndProject
Project("{FAE04EC0-301F-11D3-BF4B-00C04F79EFBC}") = "HelperExtentionLayer", "HelperExtentionLayer\HelperExtentionLayer.csproj", "{FDFE50A5-4157-4668-8A16-810AB447FA76}"
EndProject
Global
	GlobalSection(SolutionConfigurationPlatforms) = preSolution
		Debug|Any CPU = Debug|Any CPU
		Release|Any CPU = Release|Any CPU
	EndGlobalSection
	GlobalSection(ProjectConfigurationPlatforms) = postSolution
		{57382E03-7C81-45CB-8AC2-93511DFB09D0}.Debug|Any CPU.ActiveCfg = Debug|Any CPU
		{57382E03-7C81-45CB-8AC2-93511DFB09D0}.Debug|Any CPU.Build.0 = Debug|Any CPU
		{57382E03-7C81-45CB-8AC2-93511DFB09D0}.Release|Any CPU.ActiveCfg = Release|Any CPU
		{57382E03-7C81-45CB-8AC2-93511DFB09D0}.Release|Any CPU.Build.0 = Release|Any CPU
		{53A748A9-C5FE-4335-9B5F-D371BB7E2997}.Debug|Any CPU.ActiveCfg = Debug|Any CPU
		{53A748A9-C5FE-4335-9B5F-D371BB7E2997}.Debug|Any CPU.Build.0 = Debug|Any CPU
		{53A748A9-C5FE-4335-9B5F-D371BB7E2997}.Release|Any CPU.ActiveCfg = Release|Any CPU
		{53A748A9-C5FE-4335-9B5F-D371BB7E2997}.Release|Any CPU.Build.0 = Release|Any CPU
		{D886C563-A318-4210-BB37-13519F2BF2E1}.Debug|Any CPU.ActiveCfg = Debug|Any CPU
		{D886C563-A318-4210-BB37-13519F2BF2E1}.Debug|Any CPU.Build.0 = Debug|Any CPU
		{D886C563-A318-4210-BB37-13519F2BF2E1}.Release|Any CPU.ActiveCfg = Release|Any CPU
		{D886C563-A318-4210-BB37-13519F2BF2E1}.Release|Any CPU.Build.0 = Release|Any CPU
		{FDFE50A5-4157-4668-8A16-810AB447FA76}.Debug|Any CPU.ActiveCfg = Debug|Any CPU
		{FDFE50A5-4157-4668-8A16-810AB447FA76}.Debug|Any CPU.Build.0 = Debug|Any CPU
		{FDFE50A5-4157-4668-8A16-810AB447FA76}.Release|Any CPU.ActiveCfg = Release|Any CPU
		{FDFE50A5-4157-4668-8A16-810AB447FA76}.Release|Any CPU.Build.0 = Release|Any CPU
	EndGlobalSection
	GlobalSection(SolutionProperties) = preSolution
		HideSolutionNode = FALSE
	EndGlobalSection
	GlobalSection(NestedProjects) = preSolution
		{57382E03-7C81-45CB-8AC2-93511DFB09D0} = {4C1F53E8-2BDC-463D-8DF9-5A7DAF7357A5}
		{53A748A9-C5FE-4335-9B5F-D371BB7E2997} = {CB2A438E-9F10-4723-8270-1F0682D73C01}
		{D886C563-A318-4210-BB37-13519F2BF2E1} = {05B8DF9A-D51A-4F1A-8BCF-054EB689721F}
		{FDFE50A5-4157-4668-8A16-810AB447FA76} = {86925259-CC30-4055-B19C-29A9200AF291}
	EndGlobalSection
	GlobalSection(ExtensibilityGlobals) = postSolution
		SolutionGuid = {C742F46D-BE4B-4463-9015-B4EE742856C2}
	EndGlobalSection
EndGlobal
